
Microsoft Visual Studio Solution File, Format Version 12.00
# Visual Studio 15
VisualStudioVersion = 15.0.27130.2024
MinimumVisualStudioVersion = 10.0.40219.1
Project("{FAE04EC0-301F-11D3-BF4B-00C04F79EFBC}") = "CursoMVC2", "CursoMVC2\CursoMVC2.csproj", "{8D7AD222-3C20-49C3-BD84-4EC84E26DD94}"
EndProject
Global
	GlobalSection(SolutionConfigurationPlatforms) = preSolution
		Debug|Any CPU = Debug|Any CPU
		Release|Any CPU = Release|Any CPU
	EndGlobalSection
	GlobalSection(ProjectConfigurationPlatforms) = postSolution
		{8D7AD222-3C20-49C3-BD84-4EC84E26DD94}.Debug|Any CPU.ActiveCfg = Debug|Any CPU
		{8D7AD222-3C20-49C3-BD84-4EC84E26DD94}.Debug|Any CPU.Build.0 = Debug|Any CPU
		{8D7AD222-3C20-49C3-BD84-4EC84E26DD94}.Release|Any CPU.ActiveCfg = Release|Any CPU
		{8D7AD222-3C20-49C3-BD84-4EC84E26DD94}.Release|Any CPU.Build.0 = Release|Any CPU
	EndGlobalSection
	GlobalSection(SolutionProperties) = preSolution
		HideSolutionNode = FALSE
	EndGlobalSection
	GlobalSection(ExtensibilityGlobals) = postSolution
		SolutionGuid = {FA73C03F-C438-4F3E-8B4F-CF3930CFBAFD}
	EndGlobalSection
EndGlobal
